
Microsoft Visual Studio Solution File, Format Version 12.00
# Visual Studio Version 17
VisualStudioVersion = 17.14.36518.9 d17.14
MinimumVisualStudioVersion = 10.0.40219.1
Project("{FAE04EC0-301F-11D3-BF4B-00C04F79EFBC}") = "Rujoiu_Mihai_Lab2", "Rujoiu_Mihai_Lab2.csproj", "{881CCB4B-5A38-4A93-9FE0-FF068BD07AAE}"
EndProject
Global
	GlobalSection(SolutionConfigurationPlatforms) = preSolution
		Debug|Any CPU = Debug|Any CPU
		Release|Any CPU = Release|Any CPU
	EndGlobalSection
	GlobalSection(ProjectConfigurationPlatforms) = postSolution
		{881CCB4B-5A38-4A93-9FE0-FF068BD07AAE}.Debug|Any CPU.ActiveCfg = Debug|Any CPU
		{881CCB4B-5A38-4A93-9FE0-FF068BD07AAE}.Debug|Any CPU.Build.0 = Debug|Any CPU
		{881CCB4B-5A38-4A93-9FE0-FF068BD07AAE}.Release|Any CPU.ActiveCfg = Release|Any CPU
		{881CCB4B-5A38-4A93-9FE0-FF068BD07AAE}.Release|Any CPU.Build.0 = Release|Any CPU
	EndGlobalSection
	GlobalSection(SolutionProperties) = preSolution
		HideSolutionNode = FALSE
	EndGlobalSection
	GlobalSection(ExtensibilityGlobals) = postSolution
		SolutionGuid = {1A1B09BF-6A37-4EC9-8E73-E880221A2FE1}
	EndGlobalSection
EndGlobal
